
Microsoft Visual Studio Solution File, Format Version 12.00
# Visual Studio Version 17
VisualStudioVersion = 17.8.34316.72
MinimumVisualStudioVersion = 10.0.40219.1
Project("{9A19103F-16F7-4668-BE54-9A1E7A4F7556}") = "AbbeyMortageAssessment.Data", "AbbeyMortageAssessment.Data\AbbeyMortageAssessment.Data.csproj", "{806B6DA3-CC04-48D5-B405-3F06E23B9A79}"
EndProject
Project("{9A19103F-16F7-4668-BE54-9A1E7A4F7556}") = "AbbeyMortageAssessment.Services", "AbbeyMortageAssessment.Services\AbbeyMortageAssessment.Services.csproj", "{EFB2E426-EF71-4BB8-9548-980E9344BD53}"
EndProject
Project("{9A19103F-16F7-4668-BE54-9A1E7A4F7556}") = "AbbeyMortageAssessment.Web", "AbbeyMortageAssessment.Web\AbbeyMortageAssessment.Web.csproj", "{04775D3D-CE8E-4047-8F5B-708CC29F479A}"
EndProject
Global
	GlobalSection(SolutionConfigurationPlatforms) = preSolution
		Debug|Any CPU = Debug|Any CPU
		Release|Any CPU = Release|Any CPU
	EndGlobalSection
	GlobalSection(ProjectConfigurationPlatforms) = postSolution
		{806B6DA3-CC04-48D5-B405-3F06E23B9A79}.Debug|Any CPU.ActiveCfg = Debug|Any CPU
		{806B6DA3-CC04-48D5-B405-3F06E23B9A79}.Debug|Any CPU.Build.0 = Debug|Any CPU
		{806B6DA3-CC04-48D5-B405-3F06E23B9A79}.Release|Any CPU.ActiveCfg = Release|Any CPU
		{806B6DA3-CC04-48D5-B405-3F06E23B9A79}.Release|Any CPU.Build.0 = Release|Any CPU
		{EFB2E426-EF71-4BB8-9548-980E9344BD53}.Debug|Any CPU.ActiveCfg = Debug|Any CPU
		{EFB2E426-EF71-4BB8-9548-980E9344BD53}.Debug|Any CPU.Build.0 = Debug|Any CPU
		{EFB2E426-EF71-4BB8-9548-980E9344BD53}.Release|Any CPU.ActiveCfg = Release|Any CPU
		{EFB2E426-EF71-4BB8-9548-980E9344BD53}.Release|Any CPU.Build.0 = Release|Any CPU
		{04775D3D-CE8E-4047-8F5B-708CC29F479A}.Debug|Any CPU.ActiveCfg = Debug|Any CPU
		{04775D3D-CE8E-4047-8F5B-708CC29F479A}.Debug|Any CPU.Build.0 = Debug|Any CPU
		{04775D3D-CE8E-4047-8F5B-708CC29F479A}.Release|Any CPU.ActiveCfg = Release|Any CPU
		{04775D3D-CE8E-4047-8F5B-708CC29F479A}.Release|Any CPU.Build.0 = Release|Any CPU
	EndGlobalSection
	GlobalSection(SolutionProperties) = preSolution
		HideSolutionNode = FALSE
	EndGlobalSection
	GlobalSection(ExtensibilityGlobals) = postSolution
		SolutionGuid = {DC3F6EBD-0E7C-4E6D-B004-5877F1B99E99}
	EndGlobalSection
EndGlobal
